// !$*UTF8*$!
{
	archiveVersion = 1;
	classes = {
	};
	objectVersion = 56;
	objects = {

/* Begin PBXBuildFile section */
		2F35F6432C0B1DA300483FE4 /* BreedListRow.swift in Sources */ = {isa = PBXBuildFile; fileRef = 2F35F6422C0B1DA300483FE4 /* BreedListRow.swift */; };
		2F3BA3162C08358900C9DBF5 /* BreedListFlow.swift in Sources */ = {isa = PBXBuildFile; fileRef = 2F3BA3152C08358900C9DBF5 /* BreedListFlow.swift */; };
		2F3BA3182C08380000C9DBF5 /* RealmBreedListScreenFactory.swift in Sources */ = {isa = PBXBuildFile; fileRef = 2F3BA3172C08380000C9DBF5 /* RealmBreedListScreenFactory.swift */; };
		2F3BA31B2C0838E400C9DBF5 /* RealmBreedListScreenData.swift in Sources */ = {isa = PBXBuildFile; fileRef = 2F3BA31A2C0838E400C9DBF5 /* RealmBreedListScreenData.swift */; };
		2F4EA88F2BFB0310009707FD /* MVPatternApp.swift in Sources */ = {isa = PBXBuildFile; fileRef = 2F4EA88E2BFB0310009707FD /* MVPatternApp.swift */; };
		2F4EA8932BFB0311009707FD /* Assets.xcassets in Resources */ = {isa = PBXBuildFile; fileRef = 2F4EA8922BFB0311009707FD /* Assets.xcassets */; };
		2F4EA8962BFB0311009707FD /* Preview Assets.xcassets in Resources */ = {isa = PBXBuildFile; fileRef = 2F4EA8952BFB0311009707FD /* Preview Assets.xcassets */; };
		2F4EA8A22BFB05E3009707FD /* API.swift in Sources */ = {isa = PBXBuildFile; fileRef = 2F4EA8A12BFB05E3009707FD /* API.swift */; };
		2F4EA8A42BFB05F1009707FD /* APIClient.swift in Sources */ = {isa = PBXBuildFile; fileRef = 2F4EA8A32BFB05F1009707FD /* APIClient.swift */; };
		2F4EA8A62BFB0606009707FD /* APIRequests.swift in Sources */ = {isa = PBXBuildFile; fileRef = 2F4EA8A52BFB0606009707FD /* APIRequests.swift */; };
		2F4EA8A82BFB0612009707FD /* APIResponse.swift in Sources */ = {isa = PBXBuildFile; fileRef = 2F4EA8A72BFB0612009707FD /* APIResponse.swift */; };
		2F4EA8AB2BFB0B4B009707FD /* BreedListRequest.swift in Sources */ = {isa = PBXBuildFile; fileRef = 2F4EA8AA2BFB0B4B009707FD /* BreedListRequest.swift */; };
		2F4EA8AE2BFB31FD009707FD /* Breed.swift in Sources */ = {isa = PBXBuildFile; fileRef = 2F4EA8AD2BFB31FD009707FD /* Breed.swift */; };
		2F4EA8B02BFB320B009707FD /* BreedList.swift in Sources */ = {isa = PBXBuildFile; fileRef = 2F4EA8AF2BFB320B009707FD /* BreedList.swift */; };
		2F4EA8B22BFB3221009707FD /* SubBreed.swift in Sources */ = {isa = PBXBuildFile; fileRef = 2F4EA8B12BFB3221009707FD /* SubBreed.swift */; };
		2F4EA8B72BFB39D8009707FD /* ViewInjectable.swift in Sources */ = {isa = PBXBuildFile; fileRef = 2F4EA8B62BFB39D8009707FD /* ViewInjectable.swift */; };
		2F4EA8B92BFB3B72009707FD /* Dependency.swift in Sources */ = {isa = PBXBuildFile; fileRef = 2F4EA8B82BFB3B72009707FD /* Dependency.swift */; };
		2F4EA8BB2BFB3BF2009707FD /* DependencyContainer.swift in Sources */ = {isa = PBXBuildFile; fileRef = 2F4EA8BA2BFB3BF2009707FD /* DependencyContainer.swift */; };
		2F4EA8BD2BFB4527009707FD /* MockDependencyContainer.swift in Sources */ = {isa = PBXBuildFile; fileRef = 2F4EA8BC2BFB4527009707FD /* MockDependencyContainer.swift */; };
		2F4EA8C12BFB4F26009707FD /* AppActions.swift in Sources */ = {isa = PBXBuildFile; fileRef = 2F4EA8C02BFB4F26009707FD /* AppActions.swift */; };
		2F4EA8C32BFB4F36009707FD /* AppAction+BreedList.swift in Sources */ = {isa = PBXBuildFile; fileRef = 2F4EA8C22BFB4F36009707FD /* AppAction+BreedList.swift */; };
		2F4EA8C52BFB4F48009707FD /* AppContainer.swift in Sources */ = {isa = PBXBuildFile; fileRef = 2F4EA8C42BFB4F48009707FD /* AppContainer.swift */; };
		2F4EA8C72BFB4F54009707FD /* AppDependency.swift in Sources */ = {isa = PBXBuildFile; fileRef = 2F4EA8C62BFB4F54009707FD /* AppDependency.swift */; };
		2F4EA8C92BFB4F63009707FD /* MockAppContainer.swift in Sources */ = {isa = PBXBuildFile; fileRef = 2F4EA8C82BFB4F63009707FD /* MockAppContainer.swift */; };
		2F4EA8CC2BFB5017009707FD /* AppState.swift in Sources */ = {isa = PBXBuildFile; fileRef = 2F4EA8CB2BFB5017009707FD /* AppState.swift */; };
		2F4EA8CE2BFB504B009707FD /* AppState+ErrorAlert.swift in Sources */ = {isa = PBXBuildFile; fileRef = 2F4EA8CD2BFB504B009707FD /* AppState+ErrorAlert.swift */; };
		2F4EA8D02BFB5098009707FD /* DisplayableError.swift in Sources */ = {isa = PBXBuildFile; fileRef = 2F4EA8CF2BFB5098009707FD /* DisplayableError.swift */; };
		2F53203F2C0DBBEB001FD9FB /* DogImageScreen.swift in Sources */ = {isa = PBXBuildFile; fileRef = 2F53203E2C0DBBEB001FD9FB /* DogImageScreen.swift */; };
		2F5320412C0DBC26001FD9FB /* DogImage.swift in Sources */ = {isa = PBXBuildFile; fileRef = 2F5320402C0DBC26001FD9FB /* DogImage.swift */; };
		2F5320432C0DBC75001FD9FB /* LoadingState.swift in Sources */ = {isa = PBXBuildFile; fileRef = 2F5320422C0DBC75001FD9FB /* LoadingState.swift */; };
		2F5320452C0DBD80001FD9FB /* DogImageResouce.swift in Sources */ = {isa = PBXBuildFile; fileRef = 2F5320442C0DBD80001FD9FB /* DogImageResouce.swift */; };
		2F5320472C0DBEEE001FD9FB /* AppActions+DogImage.swift in Sources */ = {isa = PBXBuildFile; fileRef = 2F5320462C0DBEEE001FD9FB /* AppActions+DogImage.swift */; };
		2F5320492C0DBFDE001FD9FB /* ErrorMessage.swift in Sources */ = {isa = PBXBuildFile; fileRef = 2F5320482C0DBFDE001FD9FB /* ErrorMessage.swift */; };
		2F53204B2C0DC9F8001FD9FB /* DogImageFavoriteButton.swift in Sources */ = {isa = PBXBuildFile; fileRef = 2F53204A2C0DC9F8001FD9FB /* DogImageFavoriteButton.swift */; };
		2F53204D2C0DCC32001FD9FB /* AppActions+Favorites.swift in Sources */ = {isa = PBXBuildFile; fileRef = 2F53204C2C0DCC32001FD9FB /* AppActions+Favorites.swift */; };
		2F53204F2C0DCDC4001FD9FB /* OnFirstAppear.swift in Sources */ = {isa = PBXBuildFile; fileRef = 2F53204E2C0DCDC4001FD9FB /* OnFirstAppear.swift */; };
		2F568D082C12BFCE008C138E /* RandomImageFlow.swift in Sources */ = {isa = PBXBuildFile; fileRef = 2F568D072C12BFCE008C138E /* RandomImageFlow.swift */; };
		2F568D0B2C12C499008C138E /* SettingsFlow.swift in Sources */ = {isa = PBXBuildFile; fileRef = 2F568D0A2C12C499008C138E /* SettingsFlow.swift */; };
		2F568D0D2C12C666008C138E /* SettingsScreen.swift in Sources */ = {isa = PBXBuildFile; fileRef = 2F568D0C2C12C666008C138E /* SettingsScreen.swift */; };
		2F568D0F2C12F091008C138E /* AppSettings.swift in Sources */ = {isa = PBXBuildFile; fileRef = 2F568D0E2C12F091008C138E /* AppSettings.swift */; };
		2F568D122C12F1DB008C138E /* UserDefaults.swift in Sources */ = {isa = PBXBuildFile; fileRef = 2F568D112C12F1DB008C138E /* UserDefaults.swift */; };
		2F568D142C12F2D7008C138E /* WelcomeScreen.swift in Sources */ = {isa = PBXBuildFile; fileRef = 2F568D132C12F2D7008C138E /* WelcomeScreen.swift */; };
		2F70FFD02C0F01AF00D471A6 /* DogImageView.swift in Sources */ = {isa = PBXBuildFile; fileRef = 2F70FFCF2C0F01AF00D471A6 /* DogImageView.swift */; };
		2F70FFD32C0F026900D471A6 /* TaskFailedView.swift in Sources */ = {isa = PBXBuildFile; fileRef = 2F70FFD22C0F026900D471A6 /* TaskFailedView.swift */; };
		2F70FFD52C0F09DF00D471A6 /* DogImageService.swift in Sources */ = {isa = PBXBuildFile; fileRef = 2F70FFD42C0F09DF00D471A6 /* DogImageService.swift */; };
		2F70FFD72C0F09EC00D471A6 /* FavoritesService.swift in Sources */ = {isa = PBXBuildFile; fileRef = 2F70FFD62C0F09EC00D471A6 /* FavoritesService.swift */; };
		2F70FFD92C0F0ABC00D471A6 /* RandomImageRequest.swift in Sources */ = {isa = PBXBuildFile; fileRef = 2F70FFD82C0F0ABC00D471A6 /* RandomImageRequest.swift */; };
		2F70FFDB2C0F0D7A00D471A6 /* BreedImageRequest.swift in Sources */ = {isa = PBXBuildFile; fileRef = 2F70FFDA2C0F0D7A00D471A6 /* BreedImageRequest.swift */; };
		2F70FFE02C0F4F0400D471A6 /* FavoriteItem.swift in Sources */ = {isa = PBXBuildFile; fileRef = 2F70FFDF2C0F4F0400D471A6 /* FavoriteItem.swift */; };
		2F70FFE22C0F4F5600D471A6 /* RealmFavoriteItem.swift in Sources */ = {isa = PBXBuildFile; fileRef = 2F70FFE12C0F4F5600D471A6 /* RealmFavoriteItem.swift */; };
		2F7867DE2C00D016006581A7 /* BreedsListService.swift in Sources */ = {isa = PBXBuildFile; fileRef = 2F7867DD2C00D016006581A7 /* BreedsListService.swift */; };
		2F7867E62C00DDA9006581A7 /* RealmSwift in Frameworks */ = {isa = PBXBuildFile; productRef = 2F7867E52C00DDA9006581A7 /* RealmSwift */; };
		2F7867E82C00DFF5006581A7 /* RealmBreed.swift in Sources */ = {isa = PBXBuildFile; fileRef = 2F7867E72C00DFF5006581A7 /* RealmBreed.swift */; };
		2F7867EA2C00DFFF006581A7 /* RealmBreedList.swift in Sources */ = {isa = PBXBuildFile; fileRef = 2F7867E92C00DFFF006581A7 /* RealmBreedList.swift */; };
		2FA6936F2C02E7DF00BA3FD9 /* BreedListScreenData.swift in Sources */ = {isa = PBXBuildFile; fileRef = 2FA6936E2C02E7DF00BA3FD9 /* BreedListScreenData.swift */; };
		2FA693712C02E85700BA3FD9 /* BreedListItem.swift in Sources */ = {isa = PBXBuildFile; fileRef = 2FA693702C02E85700BA3FD9 /* BreedListItem.swift */; };
		2FA693732C02E8E700BA3FD9 /* BreedListScreenFactory.swift in Sources */ = {isa = PBXBuildFile; fileRef = 2FA693722C02E8E700BA3FD9 /* BreedListScreenFactory.swift */; };
		2FA693762C02EB4200BA3FD9 /* WithProperty.swift in Sources */ = {isa = PBXBuildFile; fileRef = 2FA693752C02EB4200BA3FD9 /* WithProperty.swift */; };
		2FA693782C02EB6600BA3FD9 /* BreedListScreen.swift in Sources */ = {isa = PBXBuildFile; fileRef = 2FA693772C02EB6600BA3FD9 /* BreedListScreen.swift */; };
		2FA6937A2C02EE4B00BA3FD9 /* ConcreteBreed.swift in Sources */ = {isa = PBXBuildFile; fileRef = 2FA693792C02EE4B00BA3FD9 /* ConcreteBreed.swift */; };
		2FA98D792BFF87D10003A758 /* TabbarFlow.swift in Sources */ = {isa = PBXBuildFile; fileRef = 2FA98D782BFF87D10003A758 /* TabbarFlow.swift */; };
		2FA98D7B2BFF8C7F0003A758 /* MVLiveApp.swift in Sources */ = {isa = PBXBuildFile; fileRef = 2FA98D7A2BFF8C7F0003A758 /* MVLiveApp.swift */; };
		2FEE1FF32C100435000C2C72 /* FavoritesScreenData.swift in Sources */ = {isa = PBXBuildFile; fileRef = 2FEE1FF22C100435000C2C72 /* FavoritesScreenData.swift */; };
		2FEE1FF52C1004E9000C2C72 /* RealmFavoritesScreenData.swift in Sources */ = {isa = PBXBuildFile; fileRef = 2FEE1FF42C1004E9000C2C72 /* RealmFavoritesScreenData.swift */; };
		2FEE1FFA2C100A94000C2C72 /* FavoritesScreenFactory.swift in Sources */ = {isa = PBXBuildFile; fileRef = 2FEE1FF92C100A94000C2C72 /* FavoritesScreenFactory.swift */; };
		2FEE1FFC2C100BA8000C2C72 /* RealmFavoritesScreenFactory.swift in Sources */ = {isa = PBXBuildFile; fileRef = 2FEE1FFB2C100BA8000C2C72 /* RealmFavoritesScreenFactory.swift */; };
		2FEE1FFE2C100C81000C2C72 /* FavoritesFlow.swift in Sources */ = {isa = PBXBuildFile; fileRef = 2FEE1FFD2C100C81000C2C72 /* FavoritesFlow.swift */; };
		2FEE20012C100D65000C2C72 /* FavoritesScreen.swift in Sources */ = {isa = PBXBuildFile; fileRef = 2FEE20002C100D65000C2C72 /* FavoritesScreen.swift */; };
		2FEE20032C10124F000C2C72 /* FavoritesGridItem.swift in Sources */ = {isa = PBXBuildFile; fileRef = 2FEE20022C10124F000C2C72 /* FavoritesGridItem.swift */; };
/* End PBXBuildFile section */

/* Begin PBXFileReference section */
		2F35F6422C0B1DA300483FE4 /* BreedListRow.swift */ = {isa = PBXFileReference; lastKnownFileType = sourcecode.swift; path = BreedListRow.swift; sourceTree = "<group>"; };
		2F3BA3152C08358900C9DBF5 /* BreedListFlow.swift */ = {isa = PBXFileReference; lastKnownFileType = sourcecode.swift; path = BreedListFlow.swift; sourceTree = "<group>"; };
		2F3BA3172C08380000C9DBF5 /* RealmBreedListScreenFactory.swift */ = {isa = PBXFileReference; lastKnownFileType = sourcecode.swift; path = RealmBreedListScreenFactory.swift; sourceTree = "<group>"; };
		2F3BA31A2C0838E400C9DBF5 /* RealmBreedListScreenData.swift */ = {isa = PBXFileReference; lastKnownFileType = sourcecode.swift; path = RealmBreedListScreenData.swift; sourceTree = "<group>"; };
		2F4EA88B2BFB0310009707FD /* MVPattern.app */ = {isa = PBXFileReference; explicitFileType = wrapper.application; includeInIndex = 0; path = MVPattern.app; sourceTree = BUILT_PRODUCTS_DIR; };
		2F4EA88E2BFB0310009707FD /* MVPatternApp.swift */ = {isa = PBXFileReference; lastKnownFileType = sourcecode.swift; path = MVPatternApp.swift; sourceTree = "<group>"; };
		2F4EA8922BFB0311009707FD /* Assets.xcassets */ = {isa = PBXFileReference; lastKnownFileType = folder.assetcatalog; path = Assets.xcassets; sourceTree = "<group>"; };
		2F4EA8952BFB0311009707FD /* Preview Assets.xcassets */ = {isa = PBXFileReference; lastKnownFileType = folder.assetcatalog; path = "Preview Assets.xcassets"; sourceTree = "<group>"; };
		2F4EA8A12BFB05E3009707FD /* API.swift */ = {isa = PBXFileReference; lastKnownFileType = sourcecode.swift; path = API.swift; sourceTree = "<group>"; };
		2F4EA8A32BFB05F1009707FD /* APIClient.swift */ = {isa = PBXFileReference; lastKnownFileType = sourcecode.swift; path = APIClient.swift; sourceTree = "<group>"; };
		2F4EA8A52BFB0606009707FD /* APIRequests.swift */ = {isa = PBXFileReference; lastKnownFileType = sourcecode.swift; path = APIRequests.swift; sourceTree = "<group>"; };
		2F4EA8A72BFB0612009707FD /* APIResponse.swift */ = {isa = PBXFileReference; lastKnownFileType = sourcecode.swift; path = APIResponse.swift; sourceTree = "<group>"; };
		2F4EA8AA2BFB0B4B009707FD /* BreedListRequest.swift */ = {isa = PBXFileReference; lastKnownFileType = sourcecode.swift; path = BreedListRequest.swift; sourceTree = "<group>"; };
		2F4EA8AD2BFB31FD009707FD /* Breed.swift */ = {isa = PBXFileReference; lastKnownFileType = sourcecode.swift; path = Breed.swift; sourceTree = "<group>"; };
		2F4EA8AF2BFB320B009707FD /* BreedList.swift */ = {isa = PBXFileReference; lastKnownFileType = sourcecode.swift; path = BreedList.swift; sourceTree = "<group>"; };
		2F4EA8B12BFB3221009707FD /* SubBreed.swift */ = {isa = PBXFileReference; lastKnownFileType = sourcecode.swift; path = SubBreed.swift; sourceTree = "<group>"; };
		2F4EA8B62BFB39D8009707FD /* ViewInjectable.swift */ = {isa = PBXFileReference; lastKnownFileType = sourcecode.swift; path = ViewInjectable.swift; sourceTree = "<group>"; };
		2F4EA8B82BFB3B72009707FD /* Dependency.swift */ = {isa = PBXFileReference; lastKnownFileType = sourcecode.swift; path = Dependency.swift; sourceTree = "<group>"; };
		2F4EA8BA2BFB3BF2009707FD /* DependencyContainer.swift */ = {isa = PBXFileReference; lastKnownFileType = sourcecode.swift; path = DependencyContainer.swift; sourceTree = "<group>"; };
		2F4EA8BC2BFB4527009707FD /* MockDependencyContainer.swift */ = {isa = PBXFileReference; lastKnownFileType = sourcecode.swift; path = MockDependencyContainer.swift; sourceTree = "<group>"; };
		2F4EA8C02BFB4F26009707FD /* AppActions.swift */ = {isa = PBXFileReference; lastKnownFileType = sourcecode.swift; path = AppActions.swift; sourceTree = "<group>"; };
		2F4EA8C22BFB4F36009707FD /* AppAction+BreedList.swift */ = {isa = PBXFileReference; lastKnownFileType = sourcecode.swift; path = "AppAction+BreedList.swift"; sourceTree = "<group>"; };
		2F4EA8C42BFB4F48009707FD /* AppContainer.swift */ = {isa = PBXFileReference; lastKnownFileType = sourcecode.swift; path = AppContainer.swift; sourceTree = "<group>"; };
		2F4EA8C62BFB4F54009707FD /* AppDependency.swift */ = {isa = PBXFileReference; lastKnownFileType = sourcecode.swift; path = AppDependency.swift; sourceTree = "<group>"; };
		2F4EA8C82BFB4F63009707FD /* MockAppContainer.swift */ = {isa = PBXFileReference; lastKnownFileType = sourcecode.swift; path = MockAppContainer.swift; sourceTree = "<group>"; };
		2F4EA8CB2BFB5017009707FD /* AppState.swift */ = {isa = PBXFileReference; lastKnownFileType = sourcecode.swift; path = AppState.swift; sourceTree = "<group>"; };
		2F4EA8CD2BFB504B009707FD /* AppState+ErrorAlert.swift */ = {isa = PBXFileReference; lastKnownFileType = sourcecode.swift; path = "AppState+ErrorAlert.swift"; sourceTree = "<group>"; };
		2F4EA8CF2BFB5098009707FD /* DisplayableError.swift */ = {isa = PBXFileReference; lastKnownFileType = sourcecode.swift; path = DisplayableError.swift; sourceTree = "<group>"; };
		2F53203E2C0DBBEB001FD9FB /* DogImageScreen.swift */ = {isa = PBXFileReference; lastKnownFileType = sourcecode.swift; path = DogImageScreen.swift; sourceTree = "<group>"; };
		2F5320402C0DBC26001FD9FB /* DogImage.swift */ = {isa = PBXFileReference; lastKnownFileType = sourcecode.swift; path = DogImage.swift; sourceTree = "<group>"; };
		2F5320422C0DBC75001FD9FB /* LoadingState.swift */ = {isa = PBXFileReference; lastKnownFileType = sourcecode.swift; path = LoadingState.swift; sourceTree = "<group>"; };
		2F5320442C0DBD80001FD9FB /* DogImageResouce.swift */ = {isa = PBXFileReference; lastKnownFileType = sourcecode.swift; path = DogImageResouce.swift; sourceTree = "<group>"; };
		2F5320462C0DBEEE001FD9FB /* AppActions+DogImage.swift */ = {isa = PBXFileReference; lastKnownFileType = sourcecode.swift; path = "AppActions+DogImage.swift"; sourceTree = "<group>"; };
		2F5320482C0DBFDE001FD9FB /* ErrorMessage.swift */ = {isa = PBXFileReference; lastKnownFileType = sourcecode.swift; path = ErrorMessage.swift; sourceTree = "<group>"; };
		2F53204A2C0DC9F8001FD9FB /* DogImageFavoriteButton.swift */ = {isa = PBXFileReference; lastKnownFileType = sourcecode.swift; path = DogImageFavoriteButton.swift; sourceTree = "<group>"; };
		2F53204C2C0DCC32001FD9FB /* AppActions+Favorites.swift */ = {isa = PBXFileReference; lastKnownFileType = sourcecode.swift; path = "AppActions+Favorites.swift"; sourceTree = "<group>"; };
		2F53204E2C0DCDC4001FD9FB /* OnFirstAppear.swift */ = {isa = PBXFileReference; lastKnownFileType = sourcecode.swift; path = OnFirstAppear.swift; sourceTree = "<group>"; };
		2F568D072C12BFCE008C138E /* RandomImageFlow.swift */ = {isa = PBXFileReference; lastKnownFileType = sourcecode.swift; path = RandomImageFlow.swift; sourceTree = "<group>"; };
		2F568D0A2C12C499008C138E /* SettingsFlow.swift */ = {isa = PBXFileReference; lastKnownFileType = sourcecode.swift; path = SettingsFlow.swift; sourceTree = "<group>"; };
		2F568D0C2C12C666008C138E /* SettingsScreen.swift */ = {isa = PBXFileReference; lastKnownFileType = sourcecode.swift; path = SettingsScreen.swift; sourceTree = "<group>"; };
		2F568D0E2C12F091008C138E /* AppSettings.swift */ = {isa = PBXFileReference; lastKnownFileType = sourcecode.swift; path = AppSettings.swift; sourceTree = "<group>"; };
		2F568D112C12F1DB008C138E /* UserDefaults.swift */ = {isa = PBXFileReference; lastKnownFileType = sourcecode.swift; path = UserDefaults.swift; sourceTree = "<group>"; };
		2F568D132C12F2D7008C138E /* WelcomeScreen.swift */ = {isa = PBXFileReference; lastKnownFileType = sourcecode.swift; path = WelcomeScreen.swift; sourceTree = "<group>"; };
		2F70FFCF2C0F01AF00D471A6 /* DogImageView.swift */ = {isa = PBXFileReference; lastKnownFileType = sourcecode.swift; path = DogImageView.swift; sourceTree = "<group>"; };
		2F70FFD22C0F026900D471A6 /* TaskFailedView.swift */ = {isa = PBXFileReference; lastKnownFileType = sourcecode.swift; path = TaskFailedView.swift; sourceTree = "<group>"; };
		2F70FFD42C0F09DF00D471A6 /* DogImageService.swift */ = {isa = PBXFileReference; lastKnownFileType = sourcecode.swift; path = DogImageService.swift; sourceTree = "<group>"; };
		2F70FFD62C0F09EC00D471A6 /* FavoritesService.swift */ = {isa = PBXFileReference; lastKnownFileType = sourcecode.swift; path = FavoritesService.swift; sourceTree = "<group>"; };
		2F70FFD82C0F0ABC00D471A6 /* RandomImageRequest.swift */ = {isa = PBXFileReference; lastKnownFileType = sourcecode.swift; path = RandomImageRequest.swift; sourceTree = "<group>"; };
		2F70FFDA2C0F0D7A00D471A6 /* BreedImageRequest.swift */ = {isa = PBXFileReference; lastKnownFileType = sourcecode.swift; path = BreedImageRequest.swift; sourceTree = "<group>"; };
		2F70FFDF2C0F4F0400D471A6 /* FavoriteItem.swift */ = {isa = PBXFileReference; lastKnownFileType = sourcecode.swift; path = FavoriteItem.swift; sourceTree = "<group>"; };
		2F70FFE12C0F4F5600D471A6 /* RealmFavoriteItem.swift */ = {isa = PBXFileReference; lastKnownFileType = sourcecode.swift; path = RealmFavoriteItem.swift; sourceTree = "<group>"; };
		2F7867DD2C00D016006581A7 /* BreedsListService.swift */ = {isa = PBXFileReference; lastKnownFileType = sourcecode.swift; path = BreedsListService.swift; sourceTree = "<group>"; };
		2F7867E72C00DFF5006581A7 /* RealmBreed.swift */ = {isa = PBXFileReference; lastKnownFileType = sourcecode.swift; path = RealmBreed.swift; sourceTree = "<group>"; };
		2F7867E92C00DFFF006581A7 /* RealmBreedList.swift */ = {isa = PBXFileReference; lastKnownFileType = sourcecode.swift; path = RealmBreedList.swift; sourceTree = "<group>"; };
		2FA6936E2C02E7DF00BA3FD9 /* BreedListScreenData.swift */ = {isa = PBXFileReference; lastKnownFileType = sourcecode.swift; path = BreedListScreenData.swift; sourceTree = "<group>"; };
		2FA693702C02E85700BA3FD9 /* BreedListItem.swift */ = {isa = PBXFileReference; lastKnownFileType = sourcecode.swift; path = BreedListItem.swift; sourceTree = "<group>"; };
		2FA693722C02E8E700BA3FD9 /* BreedListScreenFactory.swift */ = {isa = PBXFileReference; lastKnownFileType = sourcecode.swift; path = BreedListScreenFactory.swift; sourceTree = "<group>"; };
		2FA693752C02EB4200BA3FD9 /* WithProperty.swift */ = {isa = PBXFileReference; lastKnownFileType = sourcecode.swift; path = WithProperty.swift; sourceTree = "<group>"; };
		2FA693772C02EB6600BA3FD9 /* BreedListScreen.swift */ = {isa = PBXFileReference; lastKnownFileType = sourcecode.swift; path = BreedListScreen.swift; sourceTree = "<group>"; };
		2FA693792C02EE4B00BA3FD9 /* ConcreteBreed.swift */ = {isa = PBXFileReference; lastKnownFileType = sourcecode.swift; path = ConcreteBreed.swift; sourceTree = "<group>"; };
		2FA98D782BFF87D10003A758 /* TabbarFlow.swift */ = {isa = PBXFileReference; lastKnownFileType = sourcecode.swift; path = TabbarFlow.swift; sourceTree = "<group>"; };
		2FA98D7A2BFF8C7F0003A758 /* MVLiveApp.swift */ = {isa = PBXFileReference; lastKnownFileType = sourcecode.swift; path = MVLiveApp.swift; sourceTree = "<group>"; };
		2FEE1FF22C100435000C2C72 /* FavoritesScreenData.swift */ = {isa = PBXFileReference; lastKnownFileType = sourcecode.swift; path = FavoritesScreenData.swift; sourceTree = "<group>"; };
		2FEE1FF42C1004E9000C2C72 /* RealmFavoritesScreenData.swift */ = {isa = PBXFileReference; lastKnownFileType = sourcecode.swift; path = RealmFavoritesScreenData.swift; sourceTree = "<group>"; };
		2FEE1FF92C100A94000C2C72 /* FavoritesScreenFactory.swift */ = {isa = PBXFileReference; lastKnownFileType = sourcecode.swift; path = FavoritesScreenFactory.swift; sourceTree = "<group>"; };
		2FEE1FFB2C100BA8000C2C72 /* RealmFavoritesScreenFactory.swift */ = {isa = PBXFileReference; lastKnownFileType = sourcecode.swift; path = RealmFavoritesScreenFactory.swift; sourceTree = "<group>"; };
		2FEE1FFD2C100C81000C2C72 /* FavoritesFlow.swift */ = {isa = PBXFileReference; lastKnownFileType = sourcecode.swift; path = FavoritesFlow.swift; sourceTree = "<group>"; };
		2FEE20002C100D65000C2C72 /* FavoritesScreen.swift */ = {isa = PBXFileReference; lastKnownFileType = sourcecode.swift; path = FavoritesScreen.swift; sourceTree = "<group>"; };
		2FEE20022C10124F000C2C72 /* FavoritesGridItem.swift */ = {isa = PBXFileReference; lastKnownFileType = sourcecode.swift; path = FavoritesGridItem.swift; sourceTree = "<group>"; };
/* End PBXFileReference section */

/* Begin PBXFrameworksBuildPhase section */
		2F4EA8882BFB0310009707FD /* Frameworks */ = {
			isa = PBXFrameworksBuildPhase;
			buildActionMask = 2147483647;
			files = (
				2F7867E62C00DDA9006581A7 /* RealmSwift in Frameworks */,
			);
			runOnlyForDeploymentPostprocessing = 0;
		};
/* End PBXFrameworksBuildPhase section */

/* Begin PBXGroup section */
		2F0A69AE2C0CCC21005BBDD5 /* ScreenFactory */ = {
			isa = PBXGroup;
			children = (
				2FA693722C02E8E700BA3FD9 /* BreedListScreenFactory.swift */,
				2F3BA3172C08380000C9DBF5 /* RealmBreedListScreenFactory.swift */,
			);
			path = ScreenFactory;
			sourceTree = "<group>";
		};
		2F0A69AF2C0CCC42005BBDD5 /* Screens */ = {
			isa = PBXGroup;
			children = (
				2F70FFCE2C0F018E00D471A6 /* DogImageScreen */,
				2F70FFCD2C0F018300D471A6 /* BreedListScreen */,
			);
			path = Screens;
			sourceTree = "<group>";
		};
		2F3BA3142C08354C00C9DBF5 /* BreedList */ = {
			isa = PBXGroup;
			children = (
				2F3BA3152C08358900C9DBF5 /* BreedListFlow.swift */,
				2F0A69AF2C0CCC42005BBDD5 /* Screens */,
				2F0A69AE2C0CCC21005BBDD5 /* ScreenFactory */,
				2F3BA3192C0838AF00C9DBF5 /* ScreenData */,
			);
			path = BreedList;
			sourceTree = "<group>";
		};
		2F3BA3192C0838AF00C9DBF5 /* ScreenData */ = {
			isa = PBXGroup;
			children = (
				2FA6936E2C02E7DF00BA3FD9 /* BreedListScreenData.swift */,
				2F3BA31A2C0838E400C9DBF5 /* RealmBreedListScreenData.swift */,
			);
			path = ScreenData;
			sourceTree = "<group>";
		};
		2F4EA8822BFB0310009707FD = {
			isa = PBXGroup;
			children = (
				2F4EA88D2BFB0310009707FD /* MVPattern */,
				2F4EA88C2BFB0310009707FD /* Products */,
			);
			sourceTree = "<group>";
		};
		2F4EA88C2BFB0310009707FD /* Products */ = {
			isa = PBXGroup;
			children = (
				2F4EA88B2BFB0310009707FD /* MVPattern.app */,
			);
			name = Products;
			sourceTree = "<group>";
		};
		2F4EA88D2BFB0310009707FD /* MVPattern */ = {
			isa = PBXGroup;
			children = (
				2F4EA88E2BFB0310009707FD /* MVPatternApp.swift */,
				2FA98D7A2BFF8C7F0003A758 /* MVLiveApp.swift */,
				2F4EA89F2BFB0585009707FD /* Infrastructure */,
				2F4EA89E2BFB057E009707FD /* Service */,
				2F4EA89D2BFB0576009707FD /* UI */,
				2F4EA89C2BFB0569009707FD /* Core */,
				2F4EA8922BFB0311009707FD /* Assets.xcassets */,
				2F4EA8942BFB0311009707FD /* Preview Content */,
			);
			path = MVPattern;
			sourceTree = "<group>";
		};
		2F4EA8942BFB0311009707FD /* Preview Content */ = {
			isa = PBXGroup;
			children = (
				2F4EA8952BFB0311009707FD /* Preview Assets.xcassets */,
			);
			path = "Preview Content";
			sourceTree = "<group>";
		};
		2F4EA89C2BFB0569009707FD /* Core */ = {
			isa = PBXGroup;
			children = (
				2F568D102C12F1A0008C138E /* Extensions */,
				2FA693742C02EB2A00BA3FD9 /* Utility */,
				2F4EA8B52BFB39C5009707FD /* Dependency */,
				2F4EA8AC2BFB31DD009707FD /* Entities */,
			);
			path = Core;
			sourceTree = "<group>";
		};
		2F4EA89D2BFB0576009707FD /* UI */ = {
			isa = PBXGroup;
			children = (
				2F4EA8CA2BFB4FF4009707FD /* AppDependency */,
				2FA98D772BFF87B80003A758 /* Flow */,
				2F70FFD12C0F025100D471A6 /* Common */,
			);
			path = UI;
			sourceTree = "<group>";
		};
		2F4EA89E2BFB057E009707FD /* Service */ = {
			isa = PBXGroup;
			children = (
				2F7867DD2C00D016006581A7 /* BreedsListService.swift */,
				2F70FFD42C0F09DF00D471A6 /* DogImageService.swift */,
				2F70FFD62C0F09EC00D471A6 /* FavoritesService.swift */,
			);
			path = Service;
			sourceTree = "<group>";
		};
		2F4EA89F2BFB0585009707FD /* Infrastructure */ = {
			isa = PBXGroup;
			children = (
				2F4EA8B42BFB37EE009707FD /* Database */,
				2F4EA8A02BFB05CD009707FD /* API */,
			);
			path = Infrastructure;
			sourceTree = "<group>";
		};
		2F4EA8A02BFB05CD009707FD /* API */ = {
			isa = PBXGroup;
			children = (
				2F4EA8A92BFB0B0C009707FD /* Request */,
				2F4EA8A12BFB05E3009707FD /* API.swift */,
				2F4EA8A32BFB05F1009707FD /* APIClient.swift */,
				2F4EA8A52BFB0606009707FD /* APIRequests.swift */,
				2F4EA8A72BFB0612009707FD /* APIResponse.swift */,
			);
			path = API;
			sourceTree = "<group>";
		};
		2F4EA8A92BFB0B0C009707FD /* Request */ = {
			isa = PBXGroup;
			children = (
				2F4EA8AA2BFB0B4B009707FD /* BreedListRequest.swift */,
				2F70FFD82C0F0ABC00D471A6 /* RandomImageRequest.swift */,
				2F70FFDA2C0F0D7A00D471A6 /* BreedImageRequest.swift */,
			);
			path = Request;
			sourceTree = "<group>";
		};
		2F4EA8AC2BFB31DD009707FD /* Entities */ = {
			isa = PBXGroup;
			children = (
				2F70FFDE2C0F4EEF00D471A6 /* Favorite */,
				2F70FFDD2C0F4EDA00D471A6 /* DogImage */,
				2F70FFDC2C0F4EC000D471A6 /* Breed */,
				2F4EA8CF2BFB5098009707FD /* DisplayableError.swift */,
				2F5320422C0DBC75001FD9FB /* LoadingState.swift */,
				2F5320482C0DBFDE001FD9FB /* ErrorMessage.swift */,
				2F568D0E2C12F091008C138E /* AppSettings.swift */,
			);
			path = Entities;
			sourceTree = "<group>";
		};
		2F4EA8B42BFB37EE009707FD /* Database */ = {
			isa = PBXGroup;
			children = (
				2F7867E72C00DFF5006581A7 /* RealmBreed.swift */,
				2F7867E92C00DFFF006581A7 /* RealmBreedList.swift */,
				2F70FFE12C0F4F5600D471A6 /* RealmFavoriteItem.swift */,
			);
			path = Database;
			sourceTree = "<group>";
		};
		2F4EA8B52BFB39C5009707FD /* Dependency */ = {
			isa = PBXGroup;
			children = (
				2F4EA8B62BFB39D8009707FD /* ViewInjectable.swift */,
				2F4EA8B82BFB3B72009707FD /* Dependency.swift */,
				2F4EA8BA2BFB3BF2009707FD /* DependencyContainer.swift */,
				2F4EA8BC2BFB4527009707FD /* MockDependencyContainer.swift */,
			);
			path = Dependency;
			sourceTree = "<group>";
		};
		2F4EA8BE2BFB4EEA009707FD /* Actions */ = {
			isa = PBXGroup;
			children = (
				2F4EA8C02BFB4F26009707FD /* AppActions.swift */,
				2F4EA8C22BFB4F36009707FD /* AppAction+BreedList.swift */,
				2F5320462C0DBEEE001FD9FB /* AppActions+DogImage.swift */,
				2F53204C2C0DCC32001FD9FB /* AppActions+Favorites.swift */,
			);
			path = Actions;
			sourceTree = "<group>";
		};
		2F4EA8BF2BFB4EF4009707FD /* State */ = {
			isa = PBXGroup;
			children = (
				2F4EA8CB2BFB5017009707FD /* AppState.swift */,
				2F4EA8CD2BFB504B009707FD /* AppState+ErrorAlert.swift */,
			);
			path = State;
			sourceTree = "<group>";
		};
		2F4EA8CA2BFB4FF4009707FD /* AppDependency */ = {
			isa = PBXGroup;
			children = (
				2F4EA8C42BFB4F48009707FD /* AppContainer.swift */,
				2F4EA8C62BFB4F54009707FD /* AppDependency.swift */,
				2F4EA8C82BFB4F63009707FD /* MockAppContainer.swift */,
				2F4EA8BF2BFB4EF4009707FD /* State */,
				2F4EA8BE2BFB4EEA009707FD /* Actions */,
			);
			path = AppDependency;
			sourceTree = "<group>";
		};
		2F568D062C12BFA6008C138E /* RandomImageFlow */ = {
			isa = PBXGroup;
			children = (
				2F568D072C12BFCE008C138E /* RandomImageFlow.swift */,
			);
			path = RandomImageFlow;
			sourceTree = "<group>";
		};
		2F568D092C12C486008C138E /* SettingsFlow */ = {
			isa = PBXGroup;
			children = (
				2F568D0A2C12C499008C138E /* SettingsFlow.swift */,
				2F568D0C2C12C666008C138E /* SettingsScreen.swift */,
			);
			path = SettingsFlow;
			sourceTree = "<group>";
		};
		2F568D102C12F1A0008C138E /* Extensions */ = {
			isa = PBXGroup;
			children = (
				2F568D112C12F1DB008C138E /* UserDefaults.swift */,
			);
			path = Extensions;
			sourceTree = "<group>";
		};
		2F70FFCD2C0F018300D471A6 /* BreedListScreen */ = {
			isa = PBXGroup;
			children = (
				2FA693772C02EB6600BA3FD9 /* BreedListScreen.swift */,
				2F35F6422C0B1DA300483FE4 /* BreedListRow.swift */,
			);
			path = BreedListScreen;
			sourceTree = "<group>";
		};
		2F70FFCE2C0F018E00D471A6 /* DogImageScreen */ = {
			isa = PBXGroup;
			children = (
				2F53203E2C0DBBEB001FD9FB /* DogImageScreen.swift */,
				2F53204A2C0DC9F8001FD9FB /* DogImageFavoriteButton.swift */,
				2F70FFCF2C0F01AF00D471A6 /* DogImageView.swift */,
			);
			path = DogImageScreen;
			sourceTree = "<group>";
		};
		2F70FFD12C0F025100D471A6 /* Common */ = {
			isa = PBXGroup;
			children = (
				2F70FFD22C0F026900D471A6 /* TaskFailedView.swift */,
			);
			path = Common;
			sourceTree = "<group>";
		};
		2F70FFDC2C0F4EC000D471A6 /* Breed */ = {
			isa = PBXGroup;
			children = (
				2F4EA8AD2BFB31FD009707FD /* Breed.swift */,
				2F4EA8B12BFB3221009707FD /* SubBreed.swift */,
				2F4EA8AF2BFB320B009707FD /* BreedList.swift */,
				2FA693702C02E85700BA3FD9 /* BreedListItem.swift */,
				2FA693792C02EE4B00BA3FD9 /* ConcreteBreed.swift */,
			);
			path = Breed;
			sourceTree = "<group>";
		};
		2F70FFDD2C0F4EDA00D471A6 /* DogImage */ = {
			isa = PBXGroup;
			children = (
				2F5320402C0DBC26001FD9FB /* DogImage.swift */,
				2F5320442C0DBD80001FD9FB /* DogImageResouce.swift */,
			);
			path = DogImage;
			sourceTree = "<group>";
		};
		2F70FFDE2C0F4EEF00D471A6 /* Favorite */ = {
			isa = PBXGroup;
			children = (
				2F70FFDF2C0F4F0400D471A6 /* FavoriteItem.swift */,
			);
			path = Favorite;
			sourceTree = "<group>";
		};
		2F70FFE32C0F5EBB00D471A6 /* FavoritesFlow */ = {
			isa = PBXGroup;
			children = (
				2FEE1FFD2C100C81000C2C72 /* FavoritesFlow.swift */,
				2FEE1FFF2C100D3C000C2C72 /* Screens */,
				2FEE1FF82C100A70000C2C72 /* ScreenFactory */,
				2FEE1FF72C100959000C2C72 /* ScreenData */,
			);
			path = FavoritesFlow;
			sourceTree = "<group>";
		};
		2FA693742C02EB2A00BA3FD9 /* Utility */ = {
			isa = PBXGroup;
			children = (
				2FA693752C02EB4200BA3FD9 /* WithProperty.swift */,
				2F53204E2C0DCDC4001FD9FB /* OnFirstAppear.swift */,
			);
			path = Utility;
			sourceTree = "<group>";
		};
		2FA98D772BFF87B80003A758 /* Flow */ = {
			isa = PBXGroup;
			children = (
				2FA98D782BFF87D10003A758 /* TabbarFlow.swift */,
				2F568D132C12F2D7008C138E /* WelcomeScreen.swift */,
				2F568D092C12C486008C138E /* SettingsFlow */,
				2F568D062C12BFA6008C138E /* RandomImageFlow */,
				2F70FFE32C0F5EBB00D471A6 /* FavoritesFlow */,
				2F3BA3142C08354C00C9DBF5 /* BreedList */,
			);
			path = Flow;
			sourceTree = "<group>";
		};
		2FEE1FF72C100959000C2C72 /* ScreenData */ = {
			isa = PBXGroup;
			children = (
				2FEE1FF22C100435000C2C72 /* FavoritesScreenData.swift */,
				2FEE1FF42C1004E9000C2C72 /* RealmFavoritesScreenData.swift */,
			);
			path = ScreenData;
			sourceTree = "<group>";
		};
		2FEE1FF82C100A70000C2C72 /* ScreenFactory */ = {
			isa = PBXGroup;
			children = (
				2FEE1FF92C100A94000C2C72 /* FavoritesScreenFactory.swift */,
				2FEE1FFB2C100BA8000C2C72 /* RealmFavoritesScreenFactory.swift */,
			);
			path = ScreenFactory;
			sourceTree = "<group>";
		};
		2FEE1FFF2C100D3C000C2C72 /* Screens */ = {
			isa = PBXGroup;
			children = (
				2FEE20002C100D65000C2C72 /* FavoritesScreen.swift */,
				2FEE20022C10124F000C2C72 /* FavoritesGridItem.swift */,
			);
			path = Screens;
			sourceTree = "<group>";
		};
/* End PBXGroup section */

/* Begin PBXNativeTarget section */
		2F4EA88A2BFB0310009707FD /* MVPattern */ = {
			isa = PBXNativeTarget;
			buildConfigurationList = 2F4EA8992BFB0311009707FD /* Build configuration list for PBXNativeTarget "MVPattern" */;
			buildPhases = (
				2F4EA8872BFB0310009707FD /* Sources */,
				2F4EA8882BFB0310009707FD /* Frameworks */,
				2F4EA8892BFB0310009707FD /* Resources */,
			);
			buildRules = (
			);
			dependencies = (
			);
			name = MVPattern;
			packageProductDependencies = (
				2F7867E52C00DDA9006581A7 /* RealmSwift */,
			);
			productName = MVPattern;
			productReference = 2F4EA88B2BFB0310009707FD /* MVPattern.app */;
			productType = "com.apple.product-type.application";
		};
/* End PBXNativeTarget section */

/* Begin PBXProject section */
		2F4EA8832BFB0310009707FD /* Project object */ = {
			isa = PBXProject;
			attributes = {
				BuildIndependentTargetsInParallel = 1;
				LastSwiftUpdateCheck = 1540;
				LastUpgradeCheck = 1540;
				TargetAttributes = {
					2F4EA88A2BFB0310009707FD = {
						CreatedOnToolsVersion = 15.4;
					};
				};
			};
			buildConfigurationList = 2F4EA8862BFB0310009707FD /* Build configuration list for PBXProject "MVPattern" */;
			compatibilityVersion = "Xcode 14.0";
			developmentRegion = en;
			hasScannedForEncodings = 0;
			knownRegions = (
				en,
				Base,
			);
			mainGroup = 2F4EA8822BFB0310009707FD;
			packageReferences = (
				2F7867E42C00DDA9006581A7 /* XCRemoteSwiftPackageReference "realm-swift" */,
			);
			productRefGroup = 2F4EA88C2BFB0310009707FD /* Products */;
			projectDirPath = "";
			projectRoot = "";
			targets = (
				2F4EA88A2BFB0310009707FD /* MVPattern */,
			);
		};
/* End PBXProject section */

/* Begin PBXResourcesBuildPhase section */
		2F4EA8892BFB0310009707FD /* Resources */ = {
			isa = PBXResourcesBuildPhase;
			buildActionMask = 2147483647;
			files = (
				2F4EA8962BFB0311009707FD /* Preview Assets.xcassets in Resources */,
				2F4EA8932BFB0311009707FD /* Assets.xcassets in Resources */,
			);
			runOnlyForDeploymentPostprocessing = 0;
		};
/* End PBXResourcesBuildPhase section */

/* Begin PBXSourcesBuildPhase section */
		2F4EA8872BFB0310009707FD /* Sources */ = {
			isa = PBXSourcesBuildPhase;
			buildActionMask = 2147483647;
			files = (
				2F4EA8AE2BFB31FD009707FD /* Breed.swift in Sources */,
				2F568D0D2C12C666008C138E /* SettingsScreen.swift in Sources */,
				2F4EA8A42BFB05F1009707FD /* APIClient.swift in Sources */,
				2F7867EA2C00DFFF006581A7 /* RealmBreedList.swift in Sources */,
				2F4EA8C52BFB4F48009707FD /* AppContainer.swift in Sources */,
				2FA6936F2C02E7DF00BA3FD9 /* BreedListScreenData.swift in Sources */,
				2F3BA3182C08380000C9DBF5 /* RealmBreedListScreenFactory.swift in Sources */,
				2F3BA31B2C0838E400C9DBF5 /* RealmBreedListScreenData.swift in Sources */,
				2F4EA8AB2BFB0B4B009707FD /* BreedListRequest.swift in Sources */,
				2F70FFE02C0F4F0400D471A6 /* FavoriteItem.swift in Sources */,
				2F4EA8BD2BFB4527009707FD /* MockDependencyContainer.swift in Sources */,
				2F70FFDB2C0F0D7A00D471A6 /* BreedImageRequest.swift in Sources */,
				2F4EA8C72BFB4F54009707FD /* AppDependency.swift in Sources */,
				2F4EA8A82BFB0612009707FD /* APIResponse.swift in Sources */,
				2F5320432C0DBC75001FD9FB /* LoadingState.swift in Sources */,
				2FEE1FFC2C100BA8000C2C72 /* RealmFavoritesScreenFactory.swift in Sources */,
				2FA6937A2C02EE4B00BA3FD9 /* ConcreteBreed.swift in Sources */,
				2F5320412C0DBC26001FD9FB /* DogImage.swift in Sources */,
				2F568D142C12F2D7008C138E /* WelcomeScreen.swift in Sources */,
				2F4EA8A62BFB0606009707FD /* APIRequests.swift in Sources */,
				2FEE20032C10124F000C2C72 /* FavoritesGridItem.swift in Sources */,
				2F7867DE2C00D016006581A7 /* BreedsListService.swift in Sources */,
				2FA693712C02E85700BA3FD9 /* BreedListItem.swift in Sources */,
				2FA693732C02E8E700BA3FD9 /* BreedListScreenFactory.swift in Sources */,
				2F70FFD02C0F01AF00D471A6 /* DogImageView.swift in Sources */,
				2FA693782C02EB6600BA3FD9 /* BreedListScreen.swift in Sources */,
				2F70FFE22C0F4F5600D471A6 /* RealmFavoriteItem.swift in Sources */,
				2F4EA8C92BFB4F63009707FD /* MockAppContainer.swift in Sources */,
				2FEE1FFE2C100C81000C2C72 /* FavoritesFlow.swift in Sources */,
				2F4EA8BB2BFB3BF2009707FD /* DependencyContainer.swift in Sources */,
				2F4EA8D02BFB5098009707FD /* DisplayableError.swift in Sources */,
				2F568D0F2C12F091008C138E /* AppSettings.swift in Sources */,
				2F4EA8CC2BFB5017009707FD /* AppState.swift in Sources */,
				2F70FFD92C0F0ABC00D471A6 /* RandomImageRequest.swift in Sources */,
				2F3BA3162C08358900C9DBF5 /* BreedListFlow.swift in Sources */,
				2FA98D7B2BFF8C7F0003A758 /* MVLiveApp.swift in Sources */,
				2FA693762C02EB4200BA3FD9 /* WithProperty.swift in Sources */,
				2F568D0B2C12C499008C138E /* SettingsFlow.swift in Sources */,
				2F5320492C0DBFDE001FD9FB /* ErrorMessage.swift in Sources */,
				2F53204B2C0DC9F8001FD9FB /* DogImageFavoriteButton.swift in Sources */,
				2FEE1FF52C1004E9000C2C72 /* RealmFavoritesScreenData.swift in Sources */,
				2F4EA8B92BFB3B72009707FD /* Dependency.swift in Sources */,
				2FEE20012C100D65000C2C72 /* FavoritesScreen.swift in Sources */,
				2F4EA8B72BFB39D8009707FD /* ViewInjectable.swift in Sources */,
				2FEE1FF32C100435000C2C72 /* FavoritesScreenData.swift in Sources */,
				2F4EA8CE2BFB504B009707FD /* AppState+ErrorAlert.swift in Sources */,
				2F53204F2C0DCDC4001FD9FB /* OnFirstAppear.swift in Sources */,
				2F70FFD32C0F026900D471A6 /* TaskFailedView.swift in Sources */,
				2F53204D2C0DCC32001FD9FB /* AppActions+Favorites.swift in Sources */,
				2F70FFD72C0F09EC00D471A6 /* FavoritesService.swift in Sources */,
				2FEE1FFA2C100A94000C2C72 /* FavoritesScreenFactory.swift in Sources */,
				2FA98D792BFF87D10003A758 /* TabbarFlow.swift in Sources */,
				2F4EA88F2BFB0310009707FD /* MVPatternApp.swift in Sources */,
				2F4EA8B22BFB3221009707FD /* SubBreed.swift in Sources */,
				2F4EA8C32BFB4F36009707FD /* AppAction+BreedList.swift in Sources */,
				2F7867E82C00DFF5006581A7 /* RealmBreed.swift in Sources */,
				2F4EA8B02BFB320B009707FD /* BreedList.swift in Sources */,
				2F568D122C12F1DB008C138E /* UserDefaults.swift in Sources */,
				2F53203F2C0DBBEB001FD9FB /* DogImageScreen.swift in Sources */,
				2F35F6432C0B1DA300483FE4 /* BreedListRow.swift in Sources */,
				2F4EA8A22BFB05E3009707FD /* API.swift in Sources */,
				2F4EA8C12BFB4F26009707FD /* AppActions.swift in Sources */,
				2F568D082C12BFCE008C138E /* RandomImageFlow.swift in Sources */,
				2F5320472C0DBEEE001FD9FB /* AppActions+DogImage.swift in Sources */,
				2F70FFD52C0F09DF00D471A6 /* DogImageService.swift in Sources */,
				2F5320452C0DBD80001FD9FB /* DogImageResouce.swift in Sources */,
			);
			runOnlyForDeploymentPostprocessing = 0;
		};
/* End PBXSourcesBuildPhase section */

/* Begin XCBuildConfiguration section */
		2F4EA8972BFB0311009707FD /* Debug */ = {
			isa = XCBuildConfiguration;
			buildSettings = {
				ALWAYS_SEARCH_USER_PATHS = NO;
				ASSETCATALOG_COMPILER_GENERATE_SWIFT_ASSET_SYMBOL_EXTENSIONS = YES;
				CLANG_ANALYZER_NONNULL = YES;
				CLANG_ANALYZER_NUMBER_OBJECT_CONVERSION = YES_AGGRESSIVE;
				CLANG_CXX_LANGUAGE_STANDARD = "gnu++20";
				CLANG_ENABLE_MODULES = YES;
				CLANG_ENABLE_OBJC_ARC = YES;
				CLANG_ENABLE_OBJC_WEAK = YES;
				CLANG_WARN_BLOCK_CAPTURE_AUTORELEASING = YES;
				CLANG_WARN_BOOL_CONVERSION = YES;
				CLANG_WARN_COMMA = YES;
				CLANG_WARN_CONSTANT_CONVERSION = YES;
				CLANG_WARN_DEPRECATED_OBJC_IMPLEMENTATIONS = YES;
				CLANG_WARN_DIRECT_OBJC_ISA_USAGE = YES_ERROR;
				CLANG_WARN_DOCUMENTATION_COMMENTS = YES;
				CLANG_WARN_EMPTY_BODY = YES;
				CLANG_WARN_ENUM_CONVERSION = YES;
				CLANG_WARN_INFINITE_RECURSION = YES;
				CLANG_WARN_INT_CONVERSION = YES;
				CLANG_WARN_NON_LITERAL_NULL_CONVERSION = YES;
				CLANG_WARN_OBJC_IMPLICIT_RETAIN_SELF = YES;
				CLANG_WARN_OBJC_LITERAL_CONVERSION = YES;
				CLANG_WARN_OBJC_ROOT_CLASS = YES_ERROR;
				CLANG_WARN_QUOTED_INCLUDE_IN_FRAMEWORK_HEADER = YES;
				CLANG_WARN_RANGE_LOOP_ANALYSIS = YES;
				CLANG_WARN_STRICT_PROTOTYPES = YES;
				CLANG_WARN_SUSPICIOUS_MOVE = YES;
				CLANG_WARN_UNGUARDED_AVAILABILITY = YES_AGGRESSIVE;
				CLANG_WARN_UNREACHABLE_CODE = YES;
				CLANG_WARN__DUPLICATE_METHOD_MATCH = YES;
				COPY_PHASE_STRIP = NO;
				DEBUG_INFORMATION_FORMAT = dwarf;
				ENABLE_STRICT_OBJC_MSGSEND = YES;
				ENABLE_TESTABILITY = YES;
				ENABLE_USER_SCRIPT_SANDBOXING = YES;
				GCC_C_LANGUAGE_STANDARD = gnu17;
				GCC_DYNAMIC_NO_PIC = NO;
				GCC_NO_COMMON_BLOCKS = YES;
				GCC_OPTIMIZATION_LEVEL = 0;
				GCC_PREPROCESSOR_DEFINITIONS = (
					"DEBUG=1",
					"$(inherited)",
				);
				GCC_WARN_64_TO_32_BIT_CONVERSION = YES;
				GCC_WARN_ABOUT_RETURN_TYPE = YES_ERROR;
				GCC_WARN_UNDECLARED_SELECTOR = YES;
				GCC_WARN_UNINITIALIZED_AUTOS = YES_AGGRESSIVE;
				GCC_WARN_UNUSED_FUNCTION = YES;
				GCC_WARN_UNUSED_VARIABLE = YES;
				IPHONEOS_DEPLOYMENT_TARGET = 17.5;
				LOCALIZATION_PREFERS_STRING_CATALOGS = YES;
				MTL_ENABLE_DEBUG_INFO = INCLUDE_SOURCE;
				MTL_FAST_MATH = YES;
				ONLY_ACTIVE_ARCH = YES;
				SDKROOT = iphoneos;
				SWIFT_ACTIVE_COMPILATION_CONDITIONS = "DEBUG $(inherited)";
				SWIFT_OPTIMIZATION_LEVEL = "-Onone";
			};
			name = Debug;
		};
		2F4EA8982BFB0311009707FD /* Release */ = {
			isa = XCBuildConfiguration;
			buildSettings = {
				ALWAYS_SEARCH_USER_PATHS = NO;
				ASSETCATALOG_COMPILER_GENERATE_SWIFT_ASSET_SYMBOL_EXTENSIONS = YES;
				CLANG_ANALYZER_NONNULL = YES;
				CLANG_ANALYZER_NUMBER_OBJECT_CONVERSION = YES_AGGRESSIVE;
				CLANG_CXX_LANGUAGE_STANDARD = "gnu++20";
				CLANG_ENABLE_MODULES = YES;
				CLANG_ENABLE_OBJC_ARC = YES;
				CLANG_ENABLE_OBJC_WEAK = YES;
				CLANG_WARN_BLOCK_CAPTURE_AUTORELEASING = YES;
				CLANG_WARN_BOOL_CONVERSION = YES;
				CLANG_WARN_COMMA = YES;
				CLANG_WARN_CONSTANT_CONVERSION = YES;
				CLANG_WARN_DEPRECATED_OBJC_IMPLEMENTATIONS = YES;
				CLANG_WARN_DIRECT_OBJC_ISA_USAGE = YES_ERROR;
				CLANG_WARN_DOCUMENTATION_COMMENTS = YES;
				CLANG_WARN_EMPTY_BODY = YES;
				CLANG_WARN_ENUM_CONVERSION = YES;
				CLANG_WARN_INFINITE_RECURSION = YES;
				CLANG_WARN_INT_CONVERSION = YES;
				CLANG_WARN_NON_LITERAL_NULL_CONVERSION = YES;
				CLANG_WARN_OBJC_IMPLICIT_RETAIN_SELF = YES;
				CLANG_WARN_OBJC_LITERAL_CONVERSION = YES;
				CLANG_WARN_OBJC_ROOT_CLASS = YES_ERROR;
				CLANG_WARN_QUOTED_INCLUDE_IN_FRAMEWORK_HEADER = YES;
				CLANG_WARN_RANGE_LOOP_ANALYSIS = YES;
				CLANG_WARN_STRICT_PROTOTYPES = YES;
				CLANG_WARN_SUSPICIOUS_MOVE = YES;
				CLANG_WARN_UNGUARDED_AVAILABILITY = YES_AGGRESSIVE;
				CLANG_WARN_UNREACHABLE_CODE = YES;
				CLANG_WARN__DUPLICATE_METHOD_MATCH = YES;
				COPY_PHASE_STRIP = NO;
				DEBUG_INFORMATION_FORMAT = "dwarf-with-dsym";
				ENABLE_NS_ASSERTIONS = NO;
				ENABLE_STRICT_OBJC_MSGSEND = YES;
				ENABLE_USER_SCRIPT_SANDBOXING = YES;
				GCC_C_LANGUAGE_STANDARD = gnu17;
				GCC_NO_COMMON_BLOCKS = YES;
				GCC_WARN_64_TO_32_BIT_CONVERSION = YES;
				GCC_WARN_ABOUT_RETURN_TYPE = YES_ERROR;
				GCC_WARN_UNDECLARED_SELECTOR = YES;
				GCC_WARN_UNINITIALIZED_AUTOS = YES_AGGRESSIVE;
				GCC_WARN_UNUSED_FUNCTION = YES;
				GCC_WARN_UNUSED_VARIABLE = YES;
				IPHONEOS_DEPLOYMENT_TARGET = 17.5;
				LOCALIZATION_PREFERS_STRING_CATALOGS = YES;
				MTL_ENABLE_DEBUG_INFO = NO;
				MTL_FAST_MATH = YES;
				SDKROOT = iphoneos;
				SWIFT_COMPILATION_MODE = wholemodule;
				VALIDATE_PRODUCT = YES;
			};
			name = Release;
		};
		2F4EA89A2BFB0311009707FD /* Debug */ = {
			isa = XCBuildConfiguration;
			buildSettings = {
				ASSETCATALOG_COMPILER_APPICON_NAME = AppIcon;
				ASSETCATALOG_COMPILER_GLOBAL_ACCENT_COLOR_NAME = AccentColor;
				CODE_SIGN_STYLE = Automatic;
				CURRENT_PROJECT_VERSION = 1;
				DEVELOPMENT_ASSET_PATHS = "\"MVPattern/Preview Content\"";
				DEVELOPMENT_TEAM = XART67UAZB;
				ENABLE_PREVIEWS = YES;
				GENERATE_INFOPLIST_FILE = YES;
				INFOPLIST_KEY_UIApplicationSceneManifest_Generation = YES;
				INFOPLIST_KEY_UIApplicationSupportsIndirectInputEvents = YES;
				INFOPLIST_KEY_UILaunchScreen_Generation = YES;
				INFOPLIST_KEY_UISupportedInterfaceOrientations_iPad = "UIInterfaceOrientationPortrait UIInterfaceOrientationPortraitUpsideDown UIInterfaceOrientationLandscapeLeft UIInterfaceOrientationLandscapeRight";
				INFOPLIST_KEY_UISupportedInterfaceOrientations_iPhone = "UIInterfaceOrientationPortrait UIInterfaceOrientationLandscapeLeft UIInterfaceOrientationLandscapeRight";
				LD_RUNPATH_SEARCH_PATHS = (
					"$(inherited)",
					"@executable_path/Frameworks",
				);
				MARKETING_VERSION = 1.0;
				PRODUCT_BUNDLE_IDENTIFIER = com.quangtran.mv.MVPattern;
				PRODUCT_NAME = "$(TARGET_NAME)";
				SWIFT_EMIT_LOC_STRINGS = YES;
				SWIFT_VERSION = 5.0;
				TARGETED_DEVICE_FAMILY = "1,2";
			};
			name = Debug;
		};
		2F4EA89B2BFB0311009707FD /* Release */ = {
			isa = XCBuildConfiguration;
			buildSettings = {
				ASSETCATALOG_COMPILER_APPICON_NAME = AppIcon;
				ASSETCATALOG_COMPILER_GLOBAL_ACCENT_COLOR_NAME = AccentColor;
				CODE_SIGN_STYLE = Automatic;
				CURRENT_PROJECT_VERSION = 1;
				DEVELOPMENT_ASSET_PATHS = "\"MVPattern/Preview Content\"";
				DEVELOPMENT_TEAM = XART67UAZB;
				ENABLE_PREVIEWS = YES;
				GENERATE_INFOPLIST_FILE = YES;
				INFOPLIST_KEY_UIApplicationSceneManifest_Generation = YES;
				INFOPLIST_KEY_UIApplicationSupportsIndirectInputEvents = YES;
				INFOPLIST_KEY_UILaunchScreen_Generation = YES;
				INFOPLIST_KEY_UISupportedInterfaceOrientations_iPad = "UIInterfaceOrientationPortrait UIInterfaceOrientationPortraitUpsideDown UIInterfaceOrientationLandscapeLeft UIInterfaceOrientationLandscapeRight";
				INFOPLIST_KEY_UISupportedInterfaceOrientations_iPhone = "UIInterfaceOrientationPortrait UIInterfaceOrientationLandscapeLeft UIInterfaceOrientationLandscapeRight";
				LD_RUNPATH_SEARCH_PATHS = (
					"$(inherited)",
					"@executable_path/Frameworks",
				);
				MARKETING_VERSION = 1.0;
				PRODUCT_BUNDLE_IDENTIFIER = com.quangtran.mv.MVPattern;
				PRODUCT_NAME = "$(TARGET_NAME)";
				SWIFT_EMIT_LOC_STRINGS = YES;
				SWIFT_VERSION = 5.0;
				TARGETED_DEVICE_FAMILY = "1,2";
			};
			name = Release;
		};
/* End XCBuildConfiguration section */

/* Begin XCConfigurationList section */
		2F4EA8862BFB0310009707FD /* Build configuration list for PBXProject "MVPattern" */ = {
			isa = XCConfigurationList;
			buildConfigurations = (
				2F4EA8972BFB0311009707FD /* Debug */,
				2F4EA8982BFB0311009707FD /* Release */,
			);
			defaultConfigurationIsVisible = 0;
			defaultConfigurationName = Release;
		};
		2F4EA8992BFB0311009707FD /* Build configuration list for PBXNativeTarget "MVPattern" */ = {
			isa = XCConfigurationList;
			buildConfigurations = (
				2F4EA89A2BFB0311009707FD /* Debug */,
				2F4EA89B2BFB0311009707FD /* Release */,
			);
			defaultConfigurationIsVisible = 0;
			defaultConfigurationName = Release;
		};
/* End XCConfigurationList section */

/* Begin XCRemoteSwiftPackageReference section */
		2F7867E42C00DDA9006581A7 /* XCRemoteSwiftPackageReference "realm-swift" */ = {
			isa = XCRemoteSwiftPackageReference;
			repositoryURL = "https://github.com/realm/realm-swift.git";
			requirement = {
				branch = master;
				kind = branch;
			};
		};
/* End XCRemoteSwiftPackageReference section */

/* Begin XCSwiftPackageProductDependency section */
		2F7867E52C00DDA9006581A7 /* RealmSwift */ = {
			isa = XCSwiftPackageProductDependency;
			package = 2F7867E42C00DDA9006581A7 /* XCRemoteSwiftPackageReference "realm-swift" */;
			productName = RealmSwift;
		};
/* End XCSwiftPackageProductDependency section */
	};
	rootObject = 2F4EA8832BFB0310009707FD /* Project object */;
}
